
Microsoft Visual Studio Solution File, Format Version 12.00
# Visual Studio 14
VisualStudioVersion = 14.0.25420.1
MinimumVisualStudioVersion = 10.0.40219.1
Project("{FAE04EC0-301F-11D3-BF4B-00C04F79EFBC}") = "Hello Steamworks.Net", "Samples\Hello Steamworks.Net\Hello Steamworks.Net.csproj", "{E1300152-A874-46AA-948D-86FBABEF1F6F}"
EndProject
Project("{FAE04EC0-301F-11D3-BF4B-00C04F79EFBC}") = "Steamworks.Net MonoGame Integration", "Samples\Steamworks.Net MonoGame Integration\Steamworks.Net MonoGame Integration.csproj", "{63422818-DBA6-4944-9435-13C217F9B763}"
EndProject
Project("{FAE04EC0-301F-11D3-BF4B-00C04F79EFBC}") = "AchievementHunter", "Samples\AchievementHunter\AchievementHunter.csproj", "{DD842683-2485-407C-945D-DB80167A99F5}"
EndProject
Global
	GlobalSection(SolutionConfigurationPlatforms) = preSolution
		Debug|Any CPU = Debug|Any CPU
		Debug|x64 = Debug|x64
		Debug|x86 = Debug|x86
		OSX-Linux|Any CPU = OSX-Linux|Any CPU
		OSX-Linux|x64 = OSX-Linux|x64
		OSX-Linux|x86 = OSX-Linux|x86
		Release|Any CPU = Release|Any CPU
		Release|x64 = Release|x64
		Release|x86 = Release|x86
		Windows|Any CPU = Windows|Any CPU
		Windows|x64 = Windows|x64
		Windows|x86 = Windows|x86
	EndGlobalSection
	GlobalSection(ProjectConfigurationPlatforms) = postSolution
		{E1300152-A874-46AA-948D-86FBABEF1F6F}.Debug|Any CPU.ActiveCfg = Debug|x86
		{E1300152-A874-46AA-948D-86FBABEF1F6F}.Debug|x64.ActiveCfg = Debug|x86
		{E1300152-A874-46AA-948D-86FBABEF1F6F}.Debug|x86.ActiveCfg = Debug|x86
		{E1300152-A874-46AA-948D-86FBABEF1F6F}.Debug|x86.Build.0 = Debug|x86
		{E1300152-A874-46AA-948D-86FBABEF1F6F}.OSX-Linux|Any CPU.ActiveCfg = Release|x86
		{E1300152-A874-46AA-948D-86FBABEF1F6F}.OSX-Linux|Any CPU.Build.0 = Release|x86
		{E1300152-A874-46AA-948D-86FBABEF1F6F}.OSX-Linux|x64.ActiveCfg = Release|x86
		{E1300152-A874-46AA-948D-86FBABEF1F6F}.OSX-Linux|x64.Build.0 = Release|x86
		{E1300152-A874-46AA-948D-86FBABEF1F6F}.OSX-Linux|x86.ActiveCfg = Release|x86
		{E1300152-A874-46AA-948D-86FBABEF1F6F}.OSX-Linux|x86.Build.0 = Release|x86
		{E1300152-A874-46AA-948D-86FBABEF1F6F}.Release|Any CPU.ActiveCfg = Release|x86
		{E1300152-A874-46AA-948D-86FBABEF1F6F}.Release|x64.ActiveCfg = Release|x86
		{E1300152-A874-46AA-948D-86FBABEF1F6F}.Release|x86.ActiveCfg = Release|x86
		{E1300152-A874-46AA-948D-86FBABEF1F6F}.Release|x86.Build.0 = Release|x86
		{E1300152-A874-46AA-948D-86FBABEF1F6F}.Windows|Any CPU.ActiveCfg = Release|x86
		{E1300152-A874-46AA-948D-86FBABEF1F6F}.Windows|Any CPU.Build.0 = Release|x86
		{E1300152-A874-46AA-948D-86FBABEF1F6F}.Windows|x64.ActiveCfg = Release|x86
		{E1300152-A874-46AA-948D-86FBABEF1F6F}.Windows|x64.Build.0 = Release|x86
		{E1300152-A874-46AA-948D-86FBABEF1F6F}.Windows|x86.ActiveCfg = Release|x86
		{E1300152-A874-46AA-948D-86FBABEF1F6F}.Windows|x86.Build.0 = Release|x86
		{63422818-DBA6-4944-9435-13C217F9B763}.Debug|Any CPU.ActiveCfg = Debug|x86
		{63422818-DBA6-4944-9435-13C217F9B763}.Debug|x64.ActiveCfg = Debug|x86
		{63422818-DBA6-4944-9435-13C217F9B763}.Debug|x86.ActiveCfg = Debug|x86
		{63422818-DBA6-4944-9435-13C217F9B763}.Debug|x86.Build.0 = Debug|x86
		{63422818-DBA6-4944-9435-13C217F9B763}.OSX-Linux|Any CPU.ActiveCfg = Release|x86
		{63422818-DBA6-4944-9435-13C217F9B763}.OSX-Linux|Any CPU.Build.0 = Release|x86
		{63422818-DBA6-4944-9435-13C217F9B763}.OSX-Linux|x64.ActiveCfg = Release|x86
		{63422818-DBA6-4944-9435-13C217F9B763}.OSX-Linux|x64.Build.0 = Release|x86
		{63422818-DBA6-4944-9435-13C217F9B763}.OSX-Linux|x86.ActiveCfg = Release|x86
		{63422818-DBA6-4944-9435-13C217F9B763}.OSX-Linux|x86.Build.0 = Release|x86
		{63422818-DBA6-4944-9435-13C217F9B763}.Release|Any CPU.ActiveCfg = Release|x86
		{63422818-DBA6-4944-9435-13C217F9B763}.Release|x64.ActiveCfg = Release|x86
		{63422818-DBA6-4944-9435-13C217F9B763}.Release|x86.ActiveCfg = Release|x86
		{63422818-DBA6-4944-9435-13C217F9B763}.Release|x86.Build.0 = Release|x86
		{63422818-DBA6-4944-9435-13C217F9B763}.Windows|Any CPU.ActiveCfg = Release|x86
		{63422818-DBA6-4944-9435-13C217F9B763}.Windows|Any CPU.Build.0 = Release|x86
		{63422818-DBA6-4944-9435-13C217F9B763}.Windows|x64.ActiveCfg = Release|x86
		{63422818-DBA6-4944-9435-13C217F9B763}.Windows|x64.Build.0 = Release|x86
		{63422818-DBA6-4944-9435-13C217F9B763}.Windows|x86.ActiveCfg = Release|x86
		{63422818-DBA6-4944-9435-13C217F9B763}.Windows|x86.Build.0 = Release|x86
		{DD842683-2485-407C-945D-DB80167A99F5}.Debug|Any CPU.ActiveCfg = Debug|Any CPU
		{DD842683-2485-407C-945D-DB80167A99F5}.Debug|Any CPU.Build.0 = Debug|Any CPU
		{DD842683-2485-407C-945D-DB80167A99F5}.Debug|x64.ActiveCfg = Debug|Any CPU
		{DD842683-2485-407C-945D-DB80167A99F5}.Debug|x64.Build.0 = Debug|Any CPU
		{DD842683-2485-407C-945D-DB80167A99F5}.Debug|x86.ActiveCfg = Debug|Any CPU
		{DD842683-2485-407C-945D-DB80167A99F5}.Debug|x86.Build.0 = Debug|Any CPU
		{DD842683-2485-407C-945D-DB80167A99F5}.OSX-Linux|Any CPU.ActiveCfg = Release|Any CPU
		{DD842683-2485-407C-945D-DB80167A99F5}.OSX-Linux|Any CPU.Build.0 = Release|Any CPU
		{DD842683-2485-407C-945D-DB80167A99F5}.OSX-Linux|x64.ActiveCfg = Release|Any CPU
		{DD842683-2485-407C-945D-DB80167A99F5}.OSX-Linux|x64.Build.0 = Release|Any CPU
		{DD842683-2485-407C-945D-DB80167A99F5}.OSX-Linux|x86.ActiveCfg = Release|Any CPU
		{DD842683-2485-407C-945D-DB80167A99F5}.OSX-Linux|x86.Build.0 = Release|Any CPU
		{DD842683-2485-407C-945D-DB80167A99F5}.Release|Any CPU.ActiveCfg = Release|Any CPU
		{DD842683-2485-407C-945D-DB80167A99F5}.Release|Any CPU.Build.0 = Release|Any CPU
		{DD842683-2485-407C-945D-DB80167A99F5}.Release|x64.ActiveCfg = Release|Any CPU
		{DD842683-2485-407C-945D-DB80167A99F5}.Release|x64.Build.0 = Release|Any CPU
		{DD842683-2485-407C-945D-DB80167A99F5}.Release|x86.ActiveCfg = Release|Any CPU
		{DD842683-2485-407C-945D-DB80167A99F5}.Release|x86.Build.0 = Release|Any CPU
		{DD842683-2485-407C-945D-DB80167A99F5}.Windows|Any CPU.ActiveCfg = Release|Any CPU
		{DD842683-2485-407C-945D-DB80167A99F5}.Windows|Any CPU.Build.0 = Release|Any CPU
		{DD842683-2485-407C-945D-DB80167A99F5}.Windows|x64.ActiveCfg = Release|Any CPU
		{DD842683-2485-407C-945D-DB80167A99F5}.Windows|x64.Build.0 = Release|Any CPU
		{DD842683-2485-407C-945D-DB80167A99F5}.Windows|x86.ActiveCfg = Release|Any CPU
		{DD842683-2485-407C-945D-DB80167A99F5}.Windows|x86.Build.0 = Release|Any CPU
	EndGlobalSection
	GlobalSection(SolutionProperties) = preSolution
		HideSolutionNode = FALSE
	EndGlobalSection
EndGlobal
